
Microsoft Visual Studio Solution File, Format Version 12.00
# Visual Studio 15
VisualStudioVersion = 15.0.26124.0
MinimumVisualStudioVersion = 15.0.26124.0
Project("{2150E333-8FDC-42A3-9474-1A3956D46DE8}") = "src", "src", "{8F0A059D-8DC2-4931-9EC3-34F7361E3A01}"
EndProject
Project("{FAE04EC0-301F-11D3-BF4B-00C04F79EFBC}") = "HCGStudio.SystemRefresher.Core", "src\HCGStudio.SystemRefresher.Core\HCGStudio.SystemRefresher.Core.csproj", "{29BEF634-D18D-440F-9934-7CF213710488}"
EndProject
Project("{FAE04EC0-301F-11D3-BF4B-00C04F79EFBC}") = "HCGStudio.SystemRefresher.App", "src\HCGStudio.SystemRefresher.App\HCGStudio.SystemRefresher.App.csproj", "{FB70D10A-D57F-410D-A4CE-DE0A6F0EC4A5}"
EndProject
Global
	GlobalSection(SolutionConfigurationPlatforms) = preSolution
		Debug|Any CPU = Debug|Any CPU
		Debug|x64 = Debug|x64
		Debug|x86 = Debug|x86
		Release|Any CPU = Release|Any CPU
		Release|x64 = Release|x64
		Release|x86 = Release|x86
	EndGlobalSection
	GlobalSection(SolutionProperties) = preSolution
		HideSolutionNode = FALSE
	EndGlobalSection
	GlobalSection(ProjectConfigurationPlatforms) = postSolution
		{29BEF634-D18D-440F-9934-7CF213710488}.Debug|Any CPU.ActiveCfg = Debug|Any CPU
		{29BEF634-D18D-440F-9934-7CF213710488}.Debug|Any CPU.Build.0 = Debug|Any CPU
		{29BEF634-D18D-440F-9934-7CF213710488}.Debug|x64.ActiveCfg = Debug|Any CPU
		{29BEF634-D18D-440F-9934-7CF213710488}.Debug|x64.Build.0 = Debug|Any CPU
		{29BEF634-D18D-440F-9934-7CF213710488}.Debug|x86.ActiveCfg = Debug|Any CPU
		{29BEF634-D18D-440F-9934-7CF213710488}.Debug|x86.Build.0 = Debug|Any CPU
		{29BEF634-D18D-440F-9934-7CF213710488}.Release|Any CPU.ActiveCfg = Release|Any CPU
		{29BEF634-D18D-440F-9934-7CF213710488}.Release|Any CPU.Build.0 = Release|Any CPU
		{29BEF634-D18D-440F-9934-7CF213710488}.Release|x64.ActiveCfg = Release|Any CPU
		{29BEF634-D18D-440F-9934-7CF213710488}.Release|x64.Build.0 = Release|Any CPU
		{29BEF634-D18D-440F-9934-7CF213710488}.Release|x86.ActiveCfg = Release|Any CPU
		{29BEF634-D18D-440F-9934-7CF213710488}.Release|x86.Build.0 = Release|Any CPU
		{FB70D10A-D57F-410D-A4CE-DE0A6F0EC4A5}.Debug|Any CPU.ActiveCfg = Debug|Any CPU
		{FB70D10A-D57F-410D-A4CE-DE0A6F0EC4A5}.Debug|Any CPU.Build.0 = Debug|Any CPU
		{FB70D10A-D57F-410D-A4CE-DE0A6F0EC4A5}.Debug|x64.ActiveCfg = Debug|Any CPU
		{FB70D10A-D57F-410D-A4CE-DE0A6F0EC4A5}.Debug|x64.Build.0 = Debug|Any CPU
		{FB70D10A-D57F-410D-A4CE-DE0A6F0EC4A5}.Debug|x86.ActiveCfg = Debug|Any CPU
		{FB70D10A-D57F-410D-A4CE-DE0A6F0EC4A5}.Debug|x86.Build.0 = Debug|Any CPU
		{FB70D10A-D57F-410D-A4CE-DE0A6F0EC4A5}.Release|Any CPU.ActiveCfg = Release|Any CPU
		{FB70D10A-D57F-410D-A4CE-DE0A6F0EC4A5}.Release|Any CPU.Build.0 = Release|Any CPU
		{FB70D10A-D57F-410D-A4CE-DE0A6F0EC4A5}.Release|x64.ActiveCfg = Release|Any CPU
		{FB70D10A-D57F-410D-A4CE-DE0A6F0EC4A5}.Release|x64.Build.0 = Release|Any CPU
		{FB70D10A-D57F-410D-A4CE-DE0A6F0EC4A5}.Release|x86.ActiveCfg = Release|Any CPU
		{FB70D10A-D57F-410D-A4CE-DE0A6F0EC4A5}.Release|x86.Build.0 = Release|Any CPU
	EndGlobalSection
	GlobalSection(NestedProjects) = preSolution
		{29BEF634-D18D-440F-9934-7CF213710488} = {8F0A059D-8DC2-4931-9EC3-34F7361E3A01}
		{FB70D10A-D57F-410D-A4CE-DE0A6F0EC4A5} = {8F0A059D-8DC2-4931-9EC3-34F7361E3A01}
	EndGlobalSection
EndGlobal
